
Microsoft Visual Studio Solution File, Format Version 12.00
# Visual Studio Version 16
VisualStudioVersion = 16.0.31424.327
MinimumVisualStudioVersion = 10.0.40219.1
Project("{00D1A9C2-B5F0-4AF3-8072-F6C62B433612}") = "IMECentricDB", "IMECentricDB\trunk\IMECentricDB.sqlproj", "{1A636D4E-5584-4E25-9E02-662C789B97DA}"
EndProject
Project("{00D1A9C2-B5F0-4AF3-8072-F6C62B433612}") = "CustomRepository", "CustomRepository\CustomRepositoryDB.sqlproj", "{21FFA562-51FD-48E1-AB44-56C656658BCB}"
EndProject
Project("{00D1A9C2-B5F0-4AF3-8072-F6C62B433612}") = "EWDataRepository", "EWDataRepository\EWDataRepository.sqlproj", "{DEAA5037-8B70-48CE-ABEC-78CC63293346}"
EndProject
Project("{00D1A9C2-B5F0-4AF3-8072-F6C62B433612}") = "IMECentricMaster", "IMECentricMaster\IMECentricMaster.sqlproj", "{DF2C17A6-4F7B-4503-A71B-E244666039B2}"
EndProject
Global
	GlobalSection(SolutionConfigurationPlatforms) = preSolution
		Debug|Any CPU = Debug|Any CPU
		Release|Any CPU = Release|Any CPU
	EndGlobalSection
	GlobalSection(ProjectConfigurationPlatforms) = postSolution
		{1A636D4E-5584-4E25-9E02-662C789B97DA}.Debug|Any CPU.ActiveCfg = Debug|Any CPU
		{1A636D4E-5584-4E25-9E02-662C789B97DA}.Debug|Any CPU.Build.0 = Debug|Any CPU
		{1A636D4E-5584-4E25-9E02-662C789B97DA}.Debug|Any CPU.Deploy.0 = Debug|Any CPU
		{1A636D4E-5584-4E25-9E02-662C789B97DA}.Release|Any CPU.ActiveCfg = Release|Any CPU
		{1A636D4E-5584-4E25-9E02-662C789B97DA}.Release|Any CPU.Build.0 = Release|Any CPU
		{1A636D4E-5584-4E25-9E02-662C789B97DA}.Release|Any CPU.Deploy.0 = Release|Any CPU
		{21FFA562-51FD-48E1-AB44-56C656658BCB}.Debug|Any CPU.ActiveCfg = Debug|Any CPU
		{21FFA562-51FD-48E1-AB44-56C656658BCB}.Debug|Any CPU.Build.0 = Debug|Any CPU
		{21FFA562-51FD-48E1-AB44-56C656658BCB}.Debug|Any CPU.Deploy.0 = Debug|Any CPU
		{21FFA562-51FD-48E1-AB44-56C656658BCB}.Release|Any CPU.ActiveCfg = Release|Any CPU
		{21FFA562-51FD-48E1-AB44-56C656658BCB}.Release|Any CPU.Build.0 = Release|Any CPU
		{21FFA562-51FD-48E1-AB44-56C656658BCB}.Release|Any CPU.Deploy.0 = Release|Any CPU
		{DEAA5037-8B70-48CE-ABEC-78CC63293346}.Debug|Any CPU.ActiveCfg = Debug|Any CPU
		{DEAA5037-8B70-48CE-ABEC-78CC63293346}.Debug|Any CPU.Build.0 = Debug|Any CPU
		{DEAA5037-8B70-48CE-ABEC-78CC63293346}.Debug|Any CPU.Deploy.0 = Debug|Any CPU
		{DEAA5037-8B70-48CE-ABEC-78CC63293346}.Release|Any CPU.ActiveCfg = Release|Any CPU
		{DEAA5037-8B70-48CE-ABEC-78CC63293346}.Release|Any CPU.Build.0 = Release|Any CPU
		{DEAA5037-8B70-48CE-ABEC-78CC63293346}.Release|Any CPU.Deploy.0 = Release|Any CPU
		{DF2C17A6-4F7B-4503-A71B-E244666039B2}.Debug|Any CPU.ActiveCfg = Debug|Any CPU
		{DF2C17A6-4F7B-4503-A71B-E244666039B2}.Debug|Any CPU.Build.0 = Debug|Any CPU
		{DF2C17A6-4F7B-4503-A71B-E244666039B2}.Debug|Any CPU.Deploy.0 = Debug|Any CPU
		{DF2C17A6-4F7B-4503-A71B-E244666039B2}.Release|Any CPU.ActiveCfg = Release|Any CPU
		{DF2C17A6-4F7B-4503-A71B-E244666039B2}.Release|Any CPU.Build.0 = Release|Any CPU
		{DF2C17A6-4F7B-4503-A71B-E244666039B2}.Release|Any CPU.Deploy.0 = Release|Any CPU
	EndGlobalSection
	GlobalSection(SolutionProperties) = preSolution
		HideSolutionNode = FALSE
	EndGlobalSection
	GlobalSection(ExtensibilityGlobals) = postSolution
		SolutionGuid = {F5B83941-71A9-4172-A2B6-367867A873AA}
	EndGlobalSection
EndGlobal
